
Microsoft Visual Studio Solution File, Format Version 12.00
# Visual Studio Version 16
VisualStudioVersion = 16.0.30804.86
MinimumVisualStudioVersion = 10.0.40219.1
Project("{FAE04EC0-301F-11D3-BF4B-00C04F79EFBC}") = "ConsoleApp13", "ConsoleApp13\ConsoleApp13.csproj", "{90DEB2C9-F0DC-4348-896F-865576E14882}"
EndProject
Global
	GlobalSection(SolutionConfigurationPlatforms) = preSolution
		Debug|Any CPU = Debug|Any CPU
		Release|Any CPU = Release|Any CPU
	EndGlobalSection
	GlobalSection(ProjectConfigurationPlatforms) = postSolution
		{90DEB2C9-F0DC-4348-896F-865576E14882}.Debug|Any CPU.ActiveCfg = Debug|Any CPU
		{90DEB2C9-F0DC-4348-896F-865576E14882}.Debug|Any CPU.Build.0 = Debug|Any CPU
		{90DEB2C9-F0DC-4348-896F-865576E14882}.Release|Any CPU.ActiveCfg = Release|Any CPU
		{90DEB2C9-F0DC-4348-896F-865576E14882}.Release|Any CPU.Build.0 = Release|Any CPU
	EndGlobalSection
	GlobalSection(SolutionProperties) = preSolution
		HideSolutionNode = FALSE
	EndGlobalSection
	GlobalSection(ExtensibilityGlobals) = postSolution
		SolutionGuid = {42EA1949-D33E-4D41-B656-A1E4D4B32AD8}
	EndGlobalSection
EndGlobal
